// !$*UTF8*$!
{
	archiveVersion = 1;
	classes = {
	};
	objectVersion = 56;
	objects = {

/* Begin PBXBuildFile section */
		C71C58BA28E336A0007A22D6 /* ChartUI.swift in Sources */ = {isa = PBXBuildFile; fileRef = C71C58B928E336A0007A22D6 /* ChartUI.swift */; };
		C71C58BC28E3457D007A22D6 /* DataPoint.swift in Sources */ = {isa = PBXBuildFile; fileRef = C71C58BB28E3457D007A22D6 /* DataPoint.swift */; };
		C72DCA0F28F1C1130026C506 /* TimeStampFormatter.swift in Sources */ = {isa = PBXBuildFile; fileRef = C72DCA0E28F1C1130026C506 /* TimeStampFormatter.swift */; };
		C79C3EA128DF2F9F00EE8EAE /* PowermonApp.swift in Sources */ = {isa = PBXBuildFile; fileRef = C79C3EA028DF2F9F00EE8EAE /* PowermonApp.swift */; };
		C79C3EA328DF2F9F00EE8EAE /* ContentView.swift in Sources */ = {isa = PBXBuildFile; fileRef = C79C3EA228DF2F9F00EE8EAE /* ContentView.swift */; };
		C79C3EA528DF2FA100EE8EAE /* Assets.xcassets in Resources */ = {isa = PBXBuildFile; fileRef = C79C3EA428DF2FA100EE8EAE /* Assets.xcassets */; };
		C79C3EA828DF2FA100EE8EAE /* Preview Assets.xcassets in Resources */ = {isa = PBXBuildFile; fileRef = C79C3EA728DF2FA100EE8EAE /* Preview Assets.xcassets */; };
		C79C3EB028DF2FD900EE8EAE /* CocoaMQTT in Frameworks */ = {isa = PBXBuildFile; productRef = C79C3EAF28DF2FD900EE8EAE /* CocoaMQTT */; };
		C79C3EB228DF2FD900EE8EAE /* CocoaMQTTWebSocket in Frameworks */ = {isa = PBXBuildFile; productRef = C79C3EB128DF2FD900EE8EAE /* CocoaMQTTWebSocket */; };
		C79C3EB428DF33D400EE8EAE /* MQTTManager.swift in Sources */ = {isa = PBXBuildFile; fileRef = C79C3EB328DF33D400EE8EAE /* MQTTManager.swift */; };
		C79C3EB628DF345100EE8EAE /* UsageHistory.swift in Sources */ = {isa = PBXBuildFile; fileRef = C79C3EB528DF345100EE8EAE /* UsageHistory.swift */; };
		C79C3EB828DF353200EE8EAE /* Reading.swift in Sources */ = {isa = PBXBuildFile; fileRef = C79C3EB728DF353200EE8EAE /* Reading.swift */; };
		C79C3EBA28DF35BE00EE8EAE /* DailyUsage.swift in Sources */ = {isa = PBXBuildFile; fileRef = C79C3EB928DF35BE00EE8EAE /* DailyUsage.swift */; };
		C79C3EBC28DF35F700EE8EAE /* Params.swift in Sources */ = {isa = PBXBuildFile; fileRef = C79C3EBB28DF35F700EE8EAE /* Params.swift */; };
		C79C3EBE28DF363B00EE8EAE /* ResetButton.swift in Sources */ = {isa = PBXBuildFile; fileRef = C79C3EBD28DF363B00EE8EAE /* ResetButton.swift */; };
		C79C3EC028DF753700EE8EAE /* ConnStatusBar.swift in Sources */ = {isa = PBXBuildFile; fileRef = C79C3EBF28DF753700EE8EAE /* ConnStatusBar.swift */; };
/* End PBXBuildFile section */

/* Begin PBXFileReference section */
		C71C58B928E336A0007A22D6 /* ChartUI.swift */ = {isa = PBXFileReference; lastKnownFileType = sourcecode.swift; path = ChartUI.swift; sourceTree = "<group>"; };
		C71C58BB28E3457D007A22D6 /* DataPoint.swift */ = {isa = PBXFileReference; lastKnownFileType = sourcecode.swift; path = DataPoint.swift; sourceTree = "<group>"; };
		C72DCA0E28F1C1130026C506 /* TimeStampFormatter.swift */ = {isa = PBXFileReference; lastKnownFileType = sourcecode.swift; path = TimeStampFormatter.swift; sourceTree = "<group>"; };
		C79C3E9D28DF2F9F00EE8EAE /* Powermon.app */ = {isa = PBXFileReference; explicitFileType = wrapper.application; includeInIndex = 0; path = Powermon.app; sourceTree = BUILT_PRODUCTS_DIR; };
		C79C3EA028DF2F9F00EE8EAE /* PowermonApp.swift */ = {isa = PBXFileReference; lastKnownFileType = sourcecode.swift; path = PowermonApp.swift; sourceTree = "<group>"; };
		C79C3EA228DF2F9F00EE8EAE /* ContentView.swift */ = {isa = PBXFileReference; lastKnownFileType = sourcecode.swift; path = ContentView.swift; sourceTree = "<group>"; };
		C79C3EA428DF2FA100EE8EAE /* Assets.xcassets */ = {isa = PBXFileReference; lastKnownFileType = folder.assetcatalog; path = Assets.xcassets; sourceTree = "<group>"; };
		C79C3EA728DF2FA100EE8EAE /* Preview Assets.xcassets */ = {isa = PBXFileReference; lastKnownFileType = folder.assetcatalog; path = "Preview Assets.xcassets"; sourceTree = "<group>"; };
		C79C3EB328DF33D400EE8EAE /* MQTTManager.swift */ = {isa = PBXFileReference; lastKnownFileType = sourcecode.swift; path = MQTTManager.swift; sourceTree = "<group>"; };
		C79C3EB528DF345100EE8EAE /* UsageHistory.swift */ = {isa = PBXFileReference; lastKnownFileType = sourcecode.swift; path = UsageHistory.swift; sourceTree = "<group>"; };
		C79C3EB728DF353200EE8EAE /* Reading.swift */ = {isa = PBXFileReference; lastKnownFileType = sourcecode.swift; path = Reading.swift; sourceTree = "<group>"; };
		C79C3EB928DF35BE00EE8EAE /* DailyUsage.swift */ = {isa = PBXFileReference; lastKnownFileType = sourcecode.swift; path = DailyUsage.swift; sourceTree = "<group>"; };
		C79C3EBB28DF35F700EE8EAE /* Params.swift */ = {isa = PBXFileReference; lastKnownFileType = sourcecode.swift; path = Params.swift; sourceTree = "<group>"; };
		C79C3EBD28DF363B00EE8EAE /* ResetButton.swift */ = {isa = PBXFileReference; lastKnownFileType = sourcecode.swift; path = ResetButton.swift; sourceTree = "<group>"; };
		C79C3EBF28DF753700EE8EAE /* ConnStatusBar.swift */ = {isa = PBXFileReference; lastKnownFileType = sourcecode.swift; path = ConnStatusBar.swift; sourceTree = "<group>"; };
/* End PBXFileReference section */

/* Begin PBXFrameworksBuildPhase section */
		C79C3E9A28DF2F9F00EE8EAE /* Frameworks */ = {
			isa = PBXFrameworksBuildPhase;
			buildActionMask = 2147483647;
			files = (
				C79C3EB228DF2FD900EE8EAE /* CocoaMQTTWebSocket in Frameworks */,
				C79C3EB028DF2FD900EE8EAE /* CocoaMQTT in Frameworks */,
			);
			runOnlyForDeploymentPostprocessing = 0;
		};
/* End PBXFrameworksBuildPhase section */

/* Begin PBXGroup section */
		C79C3E9428DF2F9F00EE8EAE = {
			isa = PBXGroup;
			children = (
				C79C3E9F28DF2F9F00EE8EAE /* Powermon */,
				C79C3E9E28DF2F9F00EE8EAE /* Products */,
			);
			sourceTree = "<group>";
		};
		C79C3E9E28DF2F9F00EE8EAE /* Products */ = {
			isa = PBXGroup;
			children = (
				C79C3E9D28DF2F9F00EE8EAE /* Powermon.app */,
			);
			name = Products;
			sourceTree = "<group>";
		};
		C79C3E9F28DF2F9F00EE8EAE /* Powermon */ = {
			isa = PBXGroup;
			children = (
				C79C3EA028DF2F9F00EE8EAE /* PowermonApp.swift */,
				C79C3EA228DF2F9F00EE8EAE /* ContentView.swift */,
				C72DCA0E28F1C1130026C506 /* TimeStampFormatter.swift */,
				C79C3EA428DF2FA100EE8EAE /* Assets.xcassets */,
				C79C3EA628DF2FA100EE8EAE /* Preview Content */,
				C79C3EB328DF33D400EE8EAE /* MQTTManager.swift */,
				C79C3EB528DF345100EE8EAE /* UsageHistory.swift */,
				C79C3EB728DF353200EE8EAE /* Reading.swift */,
				C79C3EB928DF35BE00EE8EAE /* DailyUsage.swift */,
				C79C3EBB28DF35F700EE8EAE /* Params.swift */,
				C79C3EBD28DF363B00EE8EAE /* ResetButton.swift */,
				C79C3EBF28DF753700EE8EAE /* ConnStatusBar.swift */,
				C71C58B928E336A0007A22D6 /* ChartUI.swift */,
				C71C58BB28E3457D007A22D6 /* DataPoint.swift */,
			);
			path = Powermon;
			sourceTree = "<group>";
		};
		C79C3EA628DF2FA100EE8EAE /* Preview Content */ = {
			isa = PBXGroup;
			children = (
				C79C3EA728DF2FA100EE8EAE /* Preview Assets.xcassets */,
			);
			path = "Preview Content";
			sourceTree = "<group>";
		};
/* End PBXGroup section */

/* Begin PBXNativeTarget section */
		C79C3E9C28DF2F9F00EE8EAE /* Powermon */ = {
			isa = PBXNativeTarget;
			buildConfigurationList = C79C3EAB28DF2FA100EE8EAE /* Build configuration list for PBXNativeTarget "Powermon" */;
			buildPhases = (
				C79C3E9928DF2F9F00EE8EAE /* Sources */,
				C79C3E9A28DF2F9F00EE8EAE /* Frameworks */,
				C79C3E9B28DF2F9F00EE8EAE /* Resources */,
			);
			buildRules = (
			);
			dependencies = (
			);
			name = Powermon;
			packageProductDependencies = (
				C79C3EAF28DF2FD900EE8EAE /* CocoaMQTT */,
				C79C3EB128DF2FD900EE8EAE /* CocoaMQTTWebSocket */,
			);
			productName = Powermon;
			productReference = C79C3E9D28DF2F9F00EE8EAE /* Powermon.app */;
			productType = "com.apple.product-type.application";
		};
/* End PBXNativeTarget section */

/* Begin PBXProject section */
		C79C3E9528DF2F9F00EE8EAE /* Project object */ = {
			isa = PBXProject;
			attributes = {
				BuildIndependentTargetsInParallel = 1;
				LastSwiftUpdateCheck = 1400;
				LastUpgradeCheck = 1400;
				TargetAttributes = {
					C79C3E9C28DF2F9F00EE8EAE = {
						CreatedOnToolsVersion = 14.0;
					};
				};
			};
			buildConfigurationList = C79C3E9828DF2F9F00EE8EAE /* Build configuration list for PBXProject "Powermon" */;
			compatibilityVersion = "Xcode 14.0";
			developmentRegion = en;
			hasScannedForEncodings = 0;
			knownRegions = (
				en,
				Base,
			);
			mainGroup = C79C3E9428DF2F9F00EE8EAE;
			packageReferences = (
				C79C3EAE28DF2FD900EE8EAE /* XCRemoteSwiftPackageReference "CocoaMQTT" */,
			);
			productRefGroup = C79C3E9E28DF2F9F00EE8EAE /* Products */;
			projectDirPath = "";
			projectRoot = "";
			targets = (
				C79C3E9C28DF2F9F00EE8EAE /* Powermon */,
			);
		};
/* End PBXProject section */

/* Begin PBXResourcesBuildPhase section */
		C79C3E9B28DF2F9F00EE8EAE /* Resources */ = {
			isa = PBXResourcesBuildPhase;
			buildActionMask = 2147483647;
			files = (
				C79C3EA828DF2FA100EE8EAE /* Preview Assets.xcassets in Resources */,
				C79C3EA528DF2FA100EE8EAE /* Assets.xcassets in Resources */,
			);
			runOnlyForDeploymentPostprocessing = 0;
		};
/* End PBXResourcesBuildPhase section */

/* Begin PBXSourcesBuildPhase section */
		C79C3E9928DF2F9F00EE8EAE /* Sources */ = {
			isa = PBXSourcesBuildPhase;
			buildActionMask = 2147483647;
			files = (
				C79C3EB628DF345100EE8EAE /* UsageHistory.swift in Sources */,
				C79C3EBC28DF35F700EE8EAE /* Params.swift in Sources */,
				C79C3EBA28DF35BE00EE8EAE /* DailyUsage.swift in Sources */,
				C79C3EBE28DF363B00EE8EAE /* ResetButton.swift in Sources */,
				C71C58BA28E336A0007A22D6 /* ChartUI.swift in Sources */,
				C71C58BC28E3457D007A22D6 /* DataPoint.swift in Sources */,
				C79C3EA328DF2F9F00EE8EAE /* ContentView.swift in Sources */,
				C79C3EB428DF33D400EE8EAE /* MQTTManager.swift in Sources */,
				C79C3EC028DF753700EE8EAE /* ConnStatusBar.swift in Sources */,
				C79C3EB828DF353200EE8EAE /* Reading.swift in Sources */,
				C79C3EA128DF2F9F00EE8EAE /* PowermonApp.swift in Sources */,
				C72DCA0F28F1C1130026C506 /* TimeStampFormatter.swift in Sources */,
			);
			runOnlyForDeploymentPostprocessing = 0;
		};
/* End PBXSourcesBuildPhase section */

/* Begin XCBuildConfiguration section */
		C79C3EA928DF2FA100EE8EAE /* Debug */ = {
			isa = XCBuildConfiguration;
			buildSettings = {
				ALWAYS_SEARCH_USER_PATHS = NO;
				CLANG_ANALYZER_NONNULL = YES;
				CLANG_ANALYZER_NUMBER_OBJECT_CONVERSION = YES_AGGRESSIVE;
				CLANG_CXX_LANGUAGE_STANDARD = "gnu++20";
				CLANG_ENABLE_MODULES = YES;
				CLANG_ENABLE_OBJC_ARC = YES;
				CLANG_ENABLE_OBJC_WEAK = YES;
				CLANG_WARN_BLOCK_CAPTURE_AUTORELEASING = YES;
				CLANG_WARN_BOOL_CONVERSION = YES;
				CLANG_WARN_COMMA = YES;
				CLANG_WARN_CONSTANT_CONVERSION = YES;
				CLANG_WARN_DEPRECATED_OBJC_IMPLEMENTATIONS = YES;
				CLANG_WARN_DIRECT_OBJC_ISA_USAGE = YES_ERROR;
				CLANG_WARN_DOCUMENTATION_COMMENTS = YES;
				CLANG_WARN_EMPTY_BODY = YES;
				CLANG_WARN_ENUM_CONVERSION = YES;
				CLANG_WARN_INFINITE_RECURSION = YES;
				CLANG_WARN_INT_CONVERSION = YES;
				CLANG_WARN_NON_LITERAL_NULL_CONVERSION = YES;
				CLANG_WARN_OBJC_IMPLICIT_RETAIN_SELF = YES;
				CLANG_WARN_OBJC_LITERAL_CONVERSION = YES;
				CLANG_WARN_OBJC_ROOT_CLASS = YES_ERROR;
				CLANG_WARN_QUOTED_INCLUDE_IN_FRAMEWORK_HEADER = YES;
				CLANG_WARN_RANGE_LOOP_ANALYSIS = YES;
				CLANG_WARN_STRICT_PROTOTYPES = YES;
				CLANG_WARN_SUSPICIOUS_MOVE = YES;
				CLANG_WARN_UNGUARDED_AVAILABILITY = YES_AGGRESSIVE;
				CLANG_WARN_UNREACHABLE_CODE = YES;
				CLANG_WARN__DUPLICATE_METHOD_MATCH = YES;
				COPY_PHASE_STRIP = NO;
				DEBUG_INFORMATION_FORMAT = dwarf;
				ENABLE_STRICT_OBJC_MSGSEND = YES;
				ENABLE_TESTABILITY = YES;
				GCC_C_LANGUAGE_STANDARD = gnu11;
				GCC_DYNAMIC_NO_PIC = NO;
				GCC_NO_COMMON_BLOCKS = YES;
				GCC_OPTIMIZATION_LEVEL = 0;
				GCC_PREPROCESSOR_DEFINITIONS = (
					"DEBUG=1",
					"$(inherited)",
				);
				GCC_WARN_64_TO_32_BIT_CONVERSION = YES;
				GCC_WARN_ABOUT_RETURN_TYPE = YES_ERROR;
				GCC_WARN_UNDECLARED_SELECTOR = YES;
				GCC_WARN_UNINITIALIZED_AUTOS = YES_AGGRESSIVE;
				GCC_WARN_UNUSED_FUNCTION = YES;
				GCC_WARN_UNUSED_VARIABLE = YES;
				IPHONEOS_DEPLOYMENT_TARGET = 16.0;
				MTL_ENABLE_DEBUG_INFO = INCLUDE_SOURCE;
				MTL_FAST_MATH = YES;
				ONLY_ACTIVE_ARCH = YES;
				SDKROOT = iphoneos;
				SWIFT_ACTIVE_COMPILATION_CONDITIONS = DEBUG;
				SWIFT_OPTIMIZATION_LEVEL = "-Onone";
			};
			name = Debug;
		};
		C79C3EAA28DF2FA100EE8EAE /* Release */ = {
			isa = XCBuildConfiguration;
			buildSettings = {
				ALWAYS_SEARCH_USER_PATHS = NO;
				CLANG_ANALYZER_NONNULL = YES;
				CLANG_ANALYZER_NUMBER_OBJECT_CONVERSION = YES_AGGRESSIVE;
				CLANG_CXX_LANGUAGE_STANDARD = "gnu++20";
				CLANG_ENABLE_MODULES = YES;
				CLANG_ENABLE_OBJC_ARC = YES;
				CLANG_ENABLE_OBJC_WEAK = YES;
				CLANG_WARN_BLOCK_CAPTURE_AUTORELEASING = YES;
				CLANG_WARN_BOOL_CONVERSION = YES;
				CLANG_WARN_COMMA = YES;
				CLANG_WARN_CONSTANT_CONVERSION = YES;
				CLANG_WARN_DEPRECATED_OBJC_IMPLEMENTATIONS = YES;
				CLANG_WARN_DIRECT_OBJC_ISA_USAGE = YES_ERROR;
				CLANG_WARN_DOCUMENTATION_COMMENTS = YES;
				CLANG_WARN_EMPTY_BODY = YES;
				CLANG_WARN_ENUM_CONVERSION = YES;
				CLANG_WARN_INFINITE_RECURSION = YES;
				CLANG_WARN_INT_CONVERSION = YES;
				CLANG_WARN_NON_LITERAL_NULL_CONVERSION = YES;
				CLANG_WARN_OBJC_IMPLICIT_RETAIN_SELF = YES;
				CLANG_WARN_OBJC_LITERAL_CONVERSION = YES;
				CLANG_WARN_OBJC_ROOT_CLASS = YES_ERROR;
				CLANG_WARN_QUOTED_INCLUDE_IN_FRAMEWORK_HEADER = YES;
				CLANG_WARN_RANGE_LOOP_ANALYSIS = YES;
				CLANG_WARN_STRICT_PROTOTYPES = YES;
				CLANG_WARN_SUSPICIOUS_MOVE = YES;
				CLANG_WARN_UNGUARDED_AVAILABILITY = YES_AGGRESSIVE;
				CLANG_WARN_UNREACHABLE_CODE = YES;
				CLANG_WARN__DUPLICATE_METHOD_MATCH = YES;
				COPY_PHASE_STRIP = NO;
				DEBUG_INFORMATION_FORMAT = "dwarf-with-dsym";
				ENABLE_NS_ASSERTIONS = NO;
				ENABLE_STRICT_OBJC_MSGSEND = YES;
				GCC_C_LANGUAGE_STANDARD = gnu11;
				GCC_NO_COMMON_BLOCKS = YES;
				GCC_WARN_64_TO_32_BIT_CONVERSION = YES;
				GCC_WARN_ABOUT_RETURN_TYPE = YES_ERROR;
				GCC_WARN_UNDECLARED_SELECTOR = YES;
				GCC_WARN_UNINITIALIZED_AUTOS = YES_AGGRESSIVE;
				GCC_WARN_UNUSED_FUNCTION = YES;
				GCC_WARN_UNUSED_VARIABLE = YES;
				IPHONEOS_DEPLOYMENT_TARGET = 16.0;
				MTL_ENABLE_DEBUG_INFO = NO;
				MTL_FAST_MATH = YES;
				SDKROOT = iphoneos;
				SWIFT_COMPILATION_MODE = wholemodule;
				SWIFT_OPTIMIZATION_LEVEL = "-O";
				VALIDATE_PRODUCT = YES;
			};
			name = Release;
		};
		C79C3EAC28DF2FA100EE8EAE /* Debug */ = {
			isa = XCBuildConfiguration;
			buildSettings = {
				ASSETCATALOG_COMPILER_APPICON_NAME = AppIcon;
				ASSETCATALOG_COMPILER_GLOBAL_ACCENT_COLOR_NAME = AccentColor;
				CODE_SIGN_STYLE = Automatic;
				CURRENT_PROJECT_VERSION = 1;
				DEVELOPMENT_ASSET_PATHS = "\"Powermon/Preview Content\"";
				DEVELOPMENT_TEAM = R24YG8B2JH;
				ENABLE_PREVIEWS = YES;
				GENERATE_INFOPLIST_FILE = YES;
				INFOPLIST_KEY_UIApplicationSceneManifest_Generation = YES;
				INFOPLIST_KEY_UIApplicationSupportsIndirectInputEvents = YES;
				INFOPLIST_KEY_UILaunchScreen_Generation = YES;
				INFOPLIST_KEY_UISupportedInterfaceOrientations_iPad = "UIInterfaceOrientationPortrait UIInterfaceOrientationPortraitUpsideDown UIInterfaceOrientationLandscapeLeft UIInterfaceOrientationLandscapeRight";
				INFOPLIST_KEY_UISupportedInterfaceOrientations_iPhone = "UIInterfaceOrientationPortrait UIInterfaceOrientationLandscapeLeft UIInterfaceOrientationLandscapeRight";
				LD_RUNPATH_SEARCH_PATHS = (
					"$(inherited)",
					"@executable_path/Frameworks",
				);
				MARKETING_VERSION = 1.0;
				PRODUCT_BUNDLE_IDENTIFIER = com.powermon.Powermon;
				PRODUCT_NAME = "$(TARGET_NAME)";
				SWIFT_EMIT_LOC_STRINGS = YES;
				SWIFT_VERSION = 5.0;
				TARGETED_DEVICE_FAMILY = "1,2";
			};
			name = Debug;
		};
		C79C3EAD28DF2FA100EE8EAE /* Release */ = {
			isa = XCBuildConfiguration;
			buildSettings = {
				ASSETCATALOG_COMPILER_APPICON_NAME = AppIcon;
				ASSETCATALOG_COMPILER_GLOBAL_ACCENT_COLOR_NAME = AccentColor;
				CODE_SIGN_STYLE = Automatic;
				CURRENT_PROJECT_VERSION = 1;
				DEVELOPMENT_ASSET_PATHS = "\"Powermon/Preview Content\"";
				DEVELOPMENT_TEAM = R24YG8B2JH;
				ENABLE_PREVIEWS = YES;
				GENERATE_INFOPLIST_FILE = YES;
				INFOPLIST_KEY_UIApplicationSceneManifest_Generation = YES;
				INFOPLIST_KEY_UIApplicationSupportsIndirectInputEvents = YES;
				INFOPLIST_KEY_UILaunchScreen_Generation = YES;
				INFOPLIST_KEY_UISupportedInterfaceOrientations_iPad = "UIInterfaceOrientationPortrait UIInterfaceOrientationPortraitUpsideDown UIInterfaceOrientationLandscapeLeft UIInterfaceOrientationLandscapeRight";
				INFOPLIST_KEY_UISupportedInterfaceOrientations_iPhone = "UIInterfaceOrientationPortrait UIInterfaceOrientationLandscapeLeft UIInterfaceOrientationLandscapeRight";
				LD_RUNPATH_SEARCH_PATHS = (
					"$(inherited)",
					"@executable_path/Frameworks",
				);
				MARKETING_VERSION = 1.0;
				PRODUCT_BUNDLE_IDENTIFIER = com.powermon.Powermon;
				PRODUCT_NAME = "$(TARGET_NAME)";
				SWIFT_EMIT_LOC_STRINGS = YES;
				SWIFT_VERSION = 5.0;
				TARGETED_DEVICE_FAMILY = "1,2";
			};
			name = Release;
		};
/* End XCBuildConfiguration section */

/* Begin XCConfigurationList section */
		C79C3E9828DF2F9F00EE8EAE /* Build configuration list for PBXProject "Powermon" */ = {
			isa = XCConfigurationList;
			buildConfigurations = (
				C79C3EA928DF2FA100EE8EAE /* Debug */,
				C79C3EAA28DF2FA100EE8EAE /* Release */,
			);
			defaultConfigurationIsVisible = 0;
			defaultConfigurationName = Release;
		};
		C79C3EAB28DF2FA100EE8EAE /* Build configuration list for PBXNativeTarget "Powermon" */ = {
			isa = XCConfigurationList;
			buildConfigurations = (
				C79C3EAC28DF2FA100EE8EAE /* Debug */,
				C79C3EAD28DF2FA100EE8EAE /* Release */,
			);
			defaultConfigurationIsVisible = 0;
			defaultConfigurationName = Release;
		};
/* End XCConfigurationList section */

/* Begin XCRemoteSwiftPackageReference section */
		C79C3EAE28DF2FD900EE8EAE /* XCRemoteSwiftPackageReference "CocoaMQTT" */ = {
			isa = XCRemoteSwiftPackageReference;
			repositoryURL = "https://github.com/emqx/CocoaMQTT.git";
			requirement = {
				branch = master;
				kind = branch;
			};
		};
/* End XCRemoteSwiftPackageReference section */

/* Begin XCSwiftPackageProductDependency section */
		C79C3EAF28DF2FD900EE8EAE /* CocoaMQTT */ = {
			isa = XCSwiftPackageProductDependency;
			package = C79C3EAE28DF2FD900EE8EAE /* XCRemoteSwiftPackageReference "CocoaMQTT" */;
			productName = CocoaMQTT;
		};
		C79C3EB128DF2FD900EE8EAE /* CocoaMQTTWebSocket */ = {
			isa = XCSwiftPackageProductDependency;
			package = C79C3EAE28DF2FD900EE8EAE /* XCRemoteSwiftPackageReference "CocoaMQTT" */;
			productName = CocoaMQTTWebSocket;
		};
/* End XCSwiftPackageProductDependency section */
	};
	rootObject = C79C3E9528DF2F9F00EE8EAE /* Project object */;
}
