// !$*UTF8*$!
{
	archiveVersion = 1;
	classes = {
	};
	objectVersion = 56;
	objects = {

/* Begin PBXBuildFile section */
		C705FF452D23027D00781E1E /* RingWidgetTable.swift in Sources */ = {isa = PBXBuildFile; fileRef = C705FF442D23027D00781E1E /* RingWidgetTable.swift */; };
		C705FF472D23C38F00781E1E /* SetLevelsDialog.swift in Sources */ = {isa = PBXBuildFile; fileRef = C705FF462D23C38F00781E1E /* SetLevelsDialog.swift */; };
		C724AF712D304C00003B65B9 /* NavigationManager.swift in Sources */ = {isa = PBXBuildFile; fileRef = C724AF702D304C00003B65B9 /* NavigationManager.swift */; };
		C72716422D2A47F7007292B3 /* CustomBarChart.swift in Sources */ = {isa = PBXBuildFile; fileRef = C72716412D2A47F7007292B3 /* CustomBarChart.swift */; };
		C72716442D2AB8E9007292B3 /* NotificationBadge.swift in Sources */ = {isa = PBXBuildFile; fileRef = C72716432D2AB8E9007292B3 /* NotificationBadge.swift */; };
		C72716482D2B983C007292B3 /* OutlineButton.swift in Sources */ = {isa = PBXBuildFile; fileRef = C72716472D2B983C007292B3 /* OutlineButton.swift */; };
		C738E2F12D31A12E00D8381A /* SnackBar.swift in Sources */ = {isa = PBXBuildFile; fileRef = C738E2F02D31A12E00D8381A /* SnackBar.swift */; };
		C77BF4442D1FC32B00CB8A67 /* ProgressSpinner.swift in Sources */ = {isa = PBXBuildFile; fileRef = C77BF4432D1FC32B00CB8A67 /* ProgressSpinner.swift */; };
		C77BF4462D1FDCFE00CB8A67 /* MeterSettings.swift in Sources */ = {isa = PBXBuildFile; fileRef = C77BF4452D1FDCFE00CB8A67 /* MeterSettings.swift */; };
		C77DBA2E2D25722900C5D5BC /* EnergyReading.swift in Sources */ = {isa = PBXBuildFile; fileRef = C77DBA2D2D25722900C5D5BC /* EnergyReading.swift */; };
		C79C3EA128DF2F9F00EE8EAE /* PowermonApp.swift in Sources */ = {isa = PBXBuildFile; fileRef = C79C3EA028DF2F9F00EE8EAE /* PowermonApp.swift */; };
		C79C3EA328DF2F9F00EE8EAE /* ContentView.swift in Sources */ = {isa = PBXBuildFile; fileRef = C79C3EA228DF2F9F00EE8EAE /* ContentView.swift */; };
		C79C3EA528DF2FA100EE8EAE /* Assets.xcassets in Resources */ = {isa = PBXBuildFile; fileRef = C79C3EA428DF2FA100EE8EAE /* Assets.xcassets */; };
		C79C3EA828DF2FA100EE8EAE /* Preview Assets.xcassets in Resources */ = {isa = PBXBuildFile; fileRef = C79C3EA728DF2FA100EE8EAE /* Preview Assets.xcassets */; };
		C79C3EB028DF2FD900EE8EAE /* CocoaMQTT in Frameworks */ = {isa = PBXBuildFile; productRef = C79C3EAF28DF2FD900EE8EAE /* CocoaMQTT */; };
		C79C3EB228DF2FD900EE8EAE /* CocoaMQTTWebSocket in Frameworks */ = {isa = PBXBuildFile; productRef = C79C3EB128DF2FD900EE8EAE /* CocoaMQTTWebSocket */; };
		C79C3EB428DF33D400EE8EAE /* MQTTManager.swift in Sources */ = {isa = PBXBuildFile; fileRef = C79C3EB328DF33D400EE8EAE /* MQTTManager.swift */; };
		C79C3EB828DF353200EE8EAE /* MQTTReading.swift in Sources */ = {isa = PBXBuildFile; fileRef = C79C3EB728DF353200EE8EAE /* MQTTReading.swift */; };
		C7BE9AF52D2D0483007D8DB7 /* ScrollableLineChartView.swift in Sources */ = {isa = PBXBuildFile; fileRef = C7BE9AF42D2D0483007D8DB7 /* ScrollableLineChartView.swift */; };
		C7BE9AF72D2D5E81007D8DB7 /* EnergyChartViewModel.swift in Sources */ = {isa = PBXBuildFile; fileRef = C7BE9AF62D2D5E81007D8DB7 /* EnergyChartViewModel.swift */; };
		C7BE9AF92D2D9C37007D8DB7 /* TimeFormatter.swift in Sources */ = {isa = PBXBuildFile; fileRef = C7BE9AF82D2D9C37007D8DB7 /* TimeFormatter.swift */; };
		C7DD59432D1B2DF30025C547 /* LoginView.swift in Sources */ = {isa = PBXBuildFile; fileRef = C7DD59422D1B2DF30025C547 /* LoginView.swift */; };
		C7DD59452D1B2E320025C547 /* CreateAccountView.swift in Sources */ = {isa = PBXBuildFile; fileRef = C7DD59442D1B2E320025C547 /* CreateAccountView.swift */; };
		C7DD59472D1B31680025C547 /* UserHome.swift in Sources */ = {isa = PBXBuildFile; fileRef = C7DD59462D1B31680025C547 /* UserHome.swift */; };
		C7DD59492D1BBF9B0025C547 /* DeviceDetails.swift in Sources */ = {isa = PBXBuildFile; fileRef = C7DD59482D1BBF9B0025C547 /* DeviceDetails.swift */; };
		C7E474A22D1D4355009BBA26 /* Device.swift in Sources */ = {isa = PBXBuildFile; fileRef = C7E474A12D1D4355009BBA26 /* Device.swift */; };
		C7E961D82D21596D00EABB9E /* Config.swift in Sources */ = {isa = PBXBuildFile; fileRef = C7E961D72D21596D00EABB9E /* Config.swift */; };
/* End PBXBuildFile section */

/* Begin PBXFileReference section */
		C705FF442D23027D00781E1E /* RingWidgetTable.swift */ = {isa = PBXFileReference; lastKnownFileType = sourcecode.swift; path = RingWidgetTable.swift; sourceTree = "<group>"; };
		C705FF462D23C38F00781E1E /* SetLevelsDialog.swift */ = {isa = PBXFileReference; lastKnownFileType = sourcecode.swift; path = SetLevelsDialog.swift; sourceTree = "<group>"; };
		C724AF702D304C00003B65B9 /* NavigationManager.swift */ = {isa = PBXFileReference; lastKnownFileType = sourcecode.swift; path = NavigationManager.swift; sourceTree = "<group>"; };
		C72716412D2A47F7007292B3 /* CustomBarChart.swift */ = {isa = PBXFileReference; lastKnownFileType = sourcecode.swift; path = CustomBarChart.swift; sourceTree = "<group>"; };
		C72716432D2AB8E9007292B3 /* NotificationBadge.swift */ = {isa = PBXFileReference; lastKnownFileType = sourcecode.swift; path = NotificationBadge.swift; sourceTree = "<group>"; };
		C72716472D2B983C007292B3 /* OutlineButton.swift */ = {isa = PBXFileReference; lastKnownFileType = sourcecode.swift; path = OutlineButton.swift; sourceTree = "<group>"; };
		C738E2F02D31A12E00D8381A /* SnackBar.swift */ = {isa = PBXFileReference; lastKnownFileType = sourcecode.swift; path = SnackBar.swift; sourceTree = "<group>"; };
		C77BF4432D1FC32B00CB8A67 /* ProgressSpinner.swift */ = {isa = PBXFileReference; lastKnownFileType = sourcecode.swift; path = ProgressSpinner.swift; sourceTree = "<group>"; };
		C77BF4452D1FDCFE00CB8A67 /* MeterSettings.swift */ = {isa = PBXFileReference; lastKnownFileType = sourcecode.swift; path = MeterSettings.swift; sourceTree = "<group>"; };
		C77DBA2D2D25722900C5D5BC /* EnergyReading.swift */ = {isa = PBXFileReference; lastKnownFileType = sourcecode.swift; path = EnergyReading.swift; sourceTree = "<group>"; };
		C79C3E9D28DF2F9F00EE8EAE /* Powermon.app */ = {isa = PBXFileReference; explicitFileType = wrapper.application; includeInIndex = 0; path = Powermon.app; sourceTree = BUILT_PRODUCTS_DIR; };
		C79C3EA028DF2F9F00EE8EAE /* PowermonApp.swift */ = {isa = PBXFileReference; lastKnownFileType = sourcecode.swift; path = PowermonApp.swift; sourceTree = "<group>"; };
		C79C3EA228DF2F9F00EE8EAE /* ContentView.swift */ = {isa = PBXFileReference; lastKnownFileType = sourcecode.swift; path = ContentView.swift; sourceTree = "<group>"; };
		C79C3EA428DF2FA100EE8EAE /* Assets.xcassets */ = {isa = PBXFileReference; lastKnownFileType = folder.assetcatalog; path = Assets.xcassets; sourceTree = "<group>"; };
		C79C3EA728DF2FA100EE8EAE /* Preview Assets.xcassets */ = {isa = PBXFileReference; lastKnownFileType = folder.assetcatalog; path = "Preview Assets.xcassets"; sourceTree = "<group>"; };
		C79C3EB328DF33D400EE8EAE /* MQTTManager.swift */ = {isa = PBXFileReference; lastKnownFileType = sourcecode.swift; path = MQTTManager.swift; sourceTree = "<group>"; };
		C79C3EB728DF353200EE8EAE /* MQTTReading.swift */ = {isa = PBXFileReference; lastKnownFileType = sourcecode.swift; path = MQTTReading.swift; sourceTree = "<group>"; };
		C7BE9AF42D2D0483007D8DB7 /* ScrollableLineChartView.swift */ = {isa = PBXFileReference; lastKnownFileType = sourcecode.swift; path = ScrollableLineChartView.swift; sourceTree = "<group>"; };
		C7BE9AF62D2D5E81007D8DB7 /* EnergyChartViewModel.swift */ = {isa = PBXFileReference; lastKnownFileType = sourcecode.swift; path = EnergyChartViewModel.swift; sourceTree = "<group>"; };
		C7BE9AF82D2D9C37007D8DB7 /* TimeFormatter.swift */ = {isa = PBXFileReference; lastKnownFileType = sourcecode.swift; path = TimeFormatter.swift; sourceTree = "<group>"; };
		C7DD59422D1B2DF30025C547 /* LoginView.swift */ = {isa = PBXFileReference; lastKnownFileType = sourcecode.swift; path = LoginView.swift; sourceTree = "<group>"; };
		C7DD59442D1B2E320025C547 /* CreateAccountView.swift */ = {isa = PBXFileReference; lastKnownFileType = sourcecode.swift; path = CreateAccountView.swift; sourceTree = "<group>"; };
		C7DD59462D1B31680025C547 /* UserHome.swift */ = {isa = PBXFileReference; lastKnownFileType = sourcecode.swift; path = UserHome.swift; sourceTree = "<group>"; };
		C7DD59482D1BBF9B0025C547 /* DeviceDetails.swift */ = {isa = PBXFileReference; lastKnownFileType = sourcecode.swift; path = DeviceDetails.swift; sourceTree = "<group>"; };
		C7E474A12D1D4355009BBA26 /* Device.swift */ = {isa = PBXFileReference; lastKnownFileType = sourcecode.swift; path = Device.swift; sourceTree = "<group>"; };
		C7E961D72D21596D00EABB9E /* Config.swift */ = {isa = PBXFileReference; lastKnownFileType = sourcecode.swift; path = Config.swift; sourceTree = "<group>"; };
/* End PBXFileReference section */

/* Begin PBXFrameworksBuildPhase section */
		C79C3E9A28DF2F9F00EE8EAE /* Frameworks */ = {
			isa = PBXFrameworksBuildPhase;
			buildActionMask = 2147483647;
			files = (
				C79C3EB228DF2FD900EE8EAE /* CocoaMQTTWebSocket in Frameworks */,
				C79C3EB028DF2FD900EE8EAE /* CocoaMQTT in Frameworks */,
			);
			runOnlyForDeploymentPostprocessing = 0;
		};
/* End PBXFrameworksBuildPhase section */

/* Begin PBXGroup section */
		C79C3E9428DF2F9F00EE8EAE = {
			isa = PBXGroup;
			children = (
				C79C3E9F28DF2F9F00EE8EAE /* Powermon */,
				C79C3E9E28DF2F9F00EE8EAE /* Products */,
			);
			sourceTree = "<group>";
		};
		C79C3E9E28DF2F9F00EE8EAE /* Products */ = {
			isa = PBXGroup;
			children = (
				C79C3E9D28DF2F9F00EE8EAE /* Powermon.app */,
			);
			name = Products;
			sourceTree = "<group>";
		};
		C79C3E9F28DF2F9F00EE8EAE /* Powermon */ = {
			isa = PBXGroup;
			children = (
				C79C3EA428DF2FA100EE8EAE /* Assets.xcassets */,
				C79C3EA628DF2FA100EE8EAE /* Preview Content */,
				C79C3EA028DF2F9F00EE8EAE /* PowermonApp.swift */,
				C79C3EA228DF2F9F00EE8EAE /* ContentView.swift */,
				C7DD59422D1B2DF30025C547 /* LoginView.swift */,
				C7DD59442D1B2E320025C547 /* CreateAccountView.swift */,
				C7DD59462D1B31680025C547 /* UserHome.swift */,
				C7DD59482D1BBF9B0025C547 /* DeviceDetails.swift */,
				C705FF462D23C38F00781E1E /* SetLevelsDialog.swift */,
				C79C3EB328DF33D400EE8EAE /* MQTTManager.swift */,
				C79C3EB728DF353200EE8EAE /* MQTTReading.swift */,
				C7E474A12D1D4355009BBA26 /* Device.swift */,
				C77BF4432D1FC32B00CB8A67 /* ProgressSpinner.swift */,
				C77BF4452D1FDCFE00CB8A67 /* MeterSettings.swift */,
				C7E961D72D21596D00EABB9E /* Config.swift */,
				C705FF442D23027D00781E1E /* RingWidgetTable.swift */,
				C77DBA2D2D25722900C5D5BC /* EnergyReading.swift */,
				C7BE9AF62D2D5E81007D8DB7 /* EnergyChartViewModel.swift */,
				C72716412D2A47F7007292B3 /* CustomBarChart.swift */,
				C72716432D2AB8E9007292B3 /* NotificationBadge.swift */,
				C72716472D2B983C007292B3 /* OutlineButton.swift */,
				C7BE9AF42D2D0483007D8DB7 /* ScrollableLineChartView.swift */,
				C7BE9AF82D2D9C37007D8DB7 /* TimeFormatter.swift */,
				C724AF702D304C00003B65B9 /* NavigationManager.swift */,
				C738E2F02D31A12E00D8381A /* SnackBar.swift */,
			);
			path = Powermon;
			sourceTree = "<group>";
		};
		C79C3EA628DF2FA100EE8EAE /* Preview Content */ = {
			isa = PBXGroup;
			children = (
				C79C3EA728DF2FA100EE8EAE /* Preview Assets.xcassets */,
			);
			path = "Preview Content";
			sourceTree = "<group>";
		};
/* End PBXGroup section */

/* Begin PBXNativeTarget section */
		C79C3E9C28DF2F9F00EE8EAE /* Powermon */ = {
			isa = PBXNativeTarget;
			buildConfigurationList = C79C3EAB28DF2FA100EE8EAE /* Build configuration list for PBXNativeTarget "Powermon" */;
			buildPhases = (
				C79C3E9928DF2F9F00EE8EAE /* Sources */,
				C79C3E9A28DF2F9F00EE8EAE /* Frameworks */,
				C79C3E9B28DF2F9F00EE8EAE /* Resources */,
			);
			buildRules = (
			);
			dependencies = (
			);
			name = Powermon;
			packageProductDependencies = (
				C79C3EAF28DF2FD900EE8EAE /* CocoaMQTT */,
				C79C3EB128DF2FD900EE8EAE /* CocoaMQTTWebSocket */,
			);
			productName = Powermon;
			productReference = C79C3E9D28DF2F9F00EE8EAE /* Powermon.app */;
			productType = "com.apple.product-type.application";
		};
/* End PBXNativeTarget section */

/* Begin PBXProject section */
		C79C3E9528DF2F9F00EE8EAE /* Project object */ = {
			isa = PBXProject;
			attributes = {
				BuildIndependentTargetsInParallel = 1;
				LastSwiftUpdateCheck = 1400;
				LastUpgradeCheck = 1400;
				TargetAttributes = {
					C79C3E9C28DF2F9F00EE8EAE = {
						CreatedOnToolsVersion = 14.0;
					};
				};
			};
			buildConfigurationList = C79C3E9828DF2F9F00EE8EAE /* Build configuration list for PBXProject "Powermon" */;
			compatibilityVersion = "Xcode 14.0";
			developmentRegion = en;
			hasScannedForEncodings = 0;
			knownRegions = (
				en,
				Base,
			);
			mainGroup = C79C3E9428DF2F9F00EE8EAE;
			packageReferences = (
				C79C3EAE28DF2FD900EE8EAE /* XCRemoteSwiftPackageReference "CocoaMQTT" */,
			);
			productRefGroup = C79C3E9E28DF2F9F00EE8EAE /* Products */;
			projectDirPath = "";
			projectRoot = "";
			targets = (
				C79C3E9C28DF2F9F00EE8EAE /* Powermon */,
			);
		};
/* End PBXProject section */

/* Begin PBXResourcesBuildPhase section */
		C79C3E9B28DF2F9F00EE8EAE /* Resources */ = {
			isa = PBXResourcesBuildPhase;
			buildActionMask = 2147483647;
			files = (
				C79C3EA828DF2FA100EE8EAE /* Preview Assets.xcassets in Resources */,
				C79C3EA528DF2FA100EE8EAE /* Assets.xcassets in Resources */,
			);
			runOnlyForDeploymentPostprocessing = 0;
		};
/* End PBXResourcesBuildPhase section */

/* Begin PBXSourcesBuildPhase section */
		C79C3E9928DF2F9F00EE8EAE /* Sources */ = {
			isa = PBXSourcesBuildPhase;
			buildActionMask = 2147483647;
			files = (
				C7E474A22D1D4355009BBA26 /* Device.swift in Sources */,
				C79C3EA328DF2F9F00EE8EAE /* ContentView.swift in Sources */,
				C72716422D2A47F7007292B3 /* CustomBarChart.swift in Sources */,
				C7E961D82D21596D00EABB9E /* Config.swift in Sources */,
				C77BF4462D1FDCFE00CB8A67 /* MeterSettings.swift in Sources */,
				C79C3EB428DF33D400EE8EAE /* MQTTManager.swift in Sources */,
				C7DD59452D1B2E320025C547 /* CreateAccountView.swift in Sources */,
				C705FF452D23027D00781E1E /* RingWidgetTable.swift in Sources */,
				C7BE9AF52D2D0483007D8DB7 /* ScrollableLineChartView.swift in Sources */,
				C724AF712D304C00003B65B9 /* NavigationManager.swift in Sources */,
				C77DBA2E2D25722900C5D5BC /* EnergyReading.swift in Sources */,
				C79C3EB828DF353200EE8EAE /* MQTTReading.swift in Sources */,
				C7DD59472D1B31680025C547 /* UserHome.swift in Sources */,
				C72716482D2B983C007292B3 /* OutlineButton.swift in Sources */,
				C7BE9AF72D2D5E81007D8DB7 /* EnergyChartViewModel.swift in Sources */,
				C705FF472D23C38F00781E1E /* SetLevelsDialog.swift in Sources */,
				C77BF4442D1FC32B00CB8A67 /* ProgressSpinner.swift in Sources */,
				C7BE9AF92D2D9C37007D8DB7 /* TimeFormatter.swift in Sources */,
				C72716442D2AB8E9007292B3 /* NotificationBadge.swift in Sources */,
				C7DD59492D1BBF9B0025C547 /* DeviceDetails.swift in Sources */,
				C738E2F12D31A12E00D8381A /* SnackBar.swift in Sources */,
				C7DD59432D1B2DF30025C547 /* LoginView.swift in Sources */,
				C79C3EA128DF2F9F00EE8EAE /* PowermonApp.swift in Sources */,
			);
			runOnlyForDeploymentPostprocessing = 0;
		};
/* End PBXSourcesBuildPhase section */

/* Begin XCBuildConfiguration section */
		C79C3EA928DF2FA100EE8EAE /* Debug */ = {
			isa = XCBuildConfiguration;
			buildSettings = {
				ALWAYS_SEARCH_USER_PATHS = NO;
				CLANG_ANALYZER_NONNULL = YES;
				CLANG_ANALYZER_NUMBER_OBJECT_CONVERSION = YES_AGGRESSIVE;
				CLANG_CXX_LANGUAGE_STANDARD = "gnu++20";
				CLANG_ENABLE_MODULES = YES;
				CLANG_ENABLE_OBJC_ARC = YES;
				CLANG_ENABLE_OBJC_WEAK = YES;
				CLANG_WARN_BLOCK_CAPTURE_AUTORELEASING = YES;
				CLANG_WARN_BOOL_CONVERSION = YES;
				CLANG_WARN_COMMA = YES;
				CLANG_WARN_CONSTANT_CONVERSION = YES;
				CLANG_WARN_DEPRECATED_OBJC_IMPLEMENTATIONS = YES;
				CLANG_WARN_DIRECT_OBJC_ISA_USAGE = YES_ERROR;
				CLANG_WARN_DOCUMENTATION_COMMENTS = YES;
				CLANG_WARN_EMPTY_BODY = YES;
				CLANG_WARN_ENUM_CONVERSION = YES;
				CLANG_WARN_INFINITE_RECURSION = YES;
				CLANG_WARN_INT_CONVERSION = YES;
				CLANG_WARN_NON_LITERAL_NULL_CONVERSION = YES;
				CLANG_WARN_OBJC_IMPLICIT_RETAIN_SELF = YES;
				CLANG_WARN_OBJC_LITERAL_CONVERSION = YES;
				CLANG_WARN_OBJC_ROOT_CLASS = YES_ERROR;
				CLANG_WARN_QUOTED_INCLUDE_IN_FRAMEWORK_HEADER = YES;
				CLANG_WARN_RANGE_LOOP_ANALYSIS = YES;
				CLANG_WARN_STRICT_PROTOTYPES = YES;
				CLANG_WARN_SUSPICIOUS_MOVE = YES;
				CLANG_WARN_UNGUARDED_AVAILABILITY = YES_AGGRESSIVE;
				CLANG_WARN_UNREACHABLE_CODE = YES;
				CLANG_WARN__DUPLICATE_METHOD_MATCH = YES;
				COPY_PHASE_STRIP = NO;
				DEBUG_INFORMATION_FORMAT = dwarf;
				ENABLE_STRICT_OBJC_MSGSEND = YES;
				ENABLE_TESTABILITY = YES;
				GCC_C_LANGUAGE_STANDARD = gnu11;
				GCC_DYNAMIC_NO_PIC = NO;
				GCC_NO_COMMON_BLOCKS = YES;
				GCC_OPTIMIZATION_LEVEL = 0;
				GCC_PREPROCESSOR_DEFINITIONS = (
					"DEBUG=1",
					"$(inherited)",
				);
				GCC_WARN_64_TO_32_BIT_CONVERSION = YES;
				GCC_WARN_ABOUT_RETURN_TYPE = YES_ERROR;
				GCC_WARN_UNDECLARED_SELECTOR = YES;
				GCC_WARN_UNINITIALIZED_AUTOS = YES_AGGRESSIVE;
				GCC_WARN_UNUSED_FUNCTION = YES;
				GCC_WARN_UNUSED_VARIABLE = YES;
				IPHONEOS_DEPLOYMENT_TARGET = 16.0;
				MTL_ENABLE_DEBUG_INFO = INCLUDE_SOURCE;
				MTL_FAST_MATH = YES;
				ONLY_ACTIVE_ARCH = YES;
				SDKROOT = iphoneos;
				SWIFT_ACTIVE_COMPILATION_CONDITIONS = DEBUG;
				SWIFT_OPTIMIZATION_LEVEL = "-Onone";
			};
			name = Debug;
		};
		C79C3EAA28DF2FA100EE8EAE /* Release */ = {
			isa = XCBuildConfiguration;
			buildSettings = {
				ALWAYS_SEARCH_USER_PATHS = NO;
				CLANG_ANALYZER_NONNULL = YES;
				CLANG_ANALYZER_NUMBER_OBJECT_CONVERSION = YES_AGGRESSIVE;
				CLANG_CXX_LANGUAGE_STANDARD = "gnu++20";
				CLANG_ENABLE_MODULES = YES;
				CLANG_ENABLE_OBJC_ARC = YES;
				CLANG_ENABLE_OBJC_WEAK = YES;
				CLANG_WARN_BLOCK_CAPTURE_AUTORELEASING = YES;
				CLANG_WARN_BOOL_CONVERSION = YES;
				CLANG_WARN_COMMA = YES;
				CLANG_WARN_CONSTANT_CONVERSION = YES;
				CLANG_WARN_DEPRECATED_OBJC_IMPLEMENTATIONS = YES;
				CLANG_WARN_DIRECT_OBJC_ISA_USAGE = YES_ERROR;
				CLANG_WARN_DOCUMENTATION_COMMENTS = YES;
				CLANG_WARN_EMPTY_BODY = YES;
				CLANG_WARN_ENUM_CONVERSION = YES;
				CLANG_WARN_INFINITE_RECURSION = YES;
				CLANG_WARN_INT_CONVERSION = YES;
				CLANG_WARN_NON_LITERAL_NULL_CONVERSION = YES;
				CLANG_WARN_OBJC_IMPLICIT_RETAIN_SELF = YES;
				CLANG_WARN_OBJC_LITERAL_CONVERSION = YES;
				CLANG_WARN_OBJC_ROOT_CLASS = YES_ERROR;
				CLANG_WARN_QUOTED_INCLUDE_IN_FRAMEWORK_HEADER = YES;
				CLANG_WARN_RANGE_LOOP_ANALYSIS = YES;
				CLANG_WARN_STRICT_PROTOTYPES = YES;
				CLANG_WARN_SUSPICIOUS_MOVE = YES;
				CLANG_WARN_UNGUARDED_AVAILABILITY = YES_AGGRESSIVE;
				CLANG_WARN_UNREACHABLE_CODE = YES;
				CLANG_WARN__DUPLICATE_METHOD_MATCH = YES;
				COPY_PHASE_STRIP = NO;
				DEBUG_INFORMATION_FORMAT = "dwarf-with-dsym";
				ENABLE_NS_ASSERTIONS = NO;
				ENABLE_STRICT_OBJC_MSGSEND = YES;
				GCC_C_LANGUAGE_STANDARD = gnu11;
				GCC_NO_COMMON_BLOCKS = YES;
				GCC_WARN_64_TO_32_BIT_CONVERSION = YES;
				GCC_WARN_ABOUT_RETURN_TYPE = YES_ERROR;
				GCC_WARN_UNDECLARED_SELECTOR = YES;
				GCC_WARN_UNINITIALIZED_AUTOS = YES_AGGRESSIVE;
				GCC_WARN_UNUSED_FUNCTION = YES;
				GCC_WARN_UNUSED_VARIABLE = YES;
				IPHONEOS_DEPLOYMENT_TARGET = 16.0;
				MTL_ENABLE_DEBUG_INFO = NO;
				MTL_FAST_MATH = YES;
				SDKROOT = iphoneos;
				SWIFT_COMPILATION_MODE = wholemodule;
				SWIFT_OPTIMIZATION_LEVEL = "-O";
				VALIDATE_PRODUCT = YES;
			};
			name = Release;
		};
		C79C3EAC28DF2FA100EE8EAE /* Debug */ = {
			isa = XCBuildConfiguration;
			buildSettings = {
				ASSETCATALOG_COMPILER_APPICON_NAME = AppIcon;
				ASSETCATALOG_COMPILER_GLOBAL_ACCENT_COLOR_NAME = AccentColor;
				CODE_SIGN_STYLE = Automatic;
				CURRENT_PROJECT_VERSION = 1;
				DEVELOPMENT_ASSET_PATHS = "\"Powermon/Preview Content\"";
				DEVELOPMENT_TEAM = R24YG8B2JH;
				ENABLE_PREVIEWS = YES;
				GENERATE_INFOPLIST_FILE = YES;
				INFOPLIST_KEY_UIApplicationSceneManifest_Generation = YES;
				INFOPLIST_KEY_UIApplicationSupportsIndirectInputEvents = YES;
				INFOPLIST_KEY_UILaunchScreen_Generation = YES;
				INFOPLIST_KEY_UISupportedInterfaceOrientations_iPad = "UIInterfaceOrientationPortrait UIInterfaceOrientationPortraitUpsideDown UIInterfaceOrientationLandscapeLeft UIInterfaceOrientationLandscapeRight";
				INFOPLIST_KEY_UISupportedInterfaceOrientations_iPhone = "UIInterfaceOrientationPortrait UIInterfaceOrientationLandscapeLeft UIInterfaceOrientationLandscapeRight";
				LD_RUNPATH_SEARCH_PATHS = (
					"$(inherited)",
					"@executable_path/Frameworks",
				);
				MARKETING_VERSION = 1.0;
				PRODUCT_BUNDLE_IDENTIFIER = com.powermon.Powermon;
				PRODUCT_NAME = "$(TARGET_NAME)";
				SWIFT_EMIT_LOC_STRINGS = YES;
				SWIFT_VERSION = 5.0;
				TARGETED_DEVICE_FAMILY = "1,2";
			};
			name = Debug;
		};
		C79C3EAD28DF2FA100EE8EAE /* Release */ = {
			isa = XCBuildConfiguration;
			buildSettings = {
				ASSETCATALOG_COMPILER_APPICON_NAME = AppIcon;
				ASSETCATALOG_COMPILER_GLOBAL_ACCENT_COLOR_NAME = AccentColor;
				CODE_SIGN_STYLE = Automatic;
				CURRENT_PROJECT_VERSION = 1;
				DEVELOPMENT_ASSET_PATHS = "\"Powermon/Preview Content\"";
				DEVELOPMENT_TEAM = R24YG8B2JH;
				ENABLE_PREVIEWS = YES;
				GENERATE_INFOPLIST_FILE = YES;
				INFOPLIST_KEY_UIApplicationSceneManifest_Generation = YES;
				INFOPLIST_KEY_UIApplicationSupportsIndirectInputEvents = YES;
				INFOPLIST_KEY_UILaunchScreen_Generation = YES;
				INFOPLIST_KEY_UISupportedInterfaceOrientations_iPad = "UIInterfaceOrientationPortrait UIInterfaceOrientationPortraitUpsideDown UIInterfaceOrientationLandscapeLeft UIInterfaceOrientationLandscapeRight";
				INFOPLIST_KEY_UISupportedInterfaceOrientations_iPhone = "UIInterfaceOrientationPortrait UIInterfaceOrientationLandscapeLeft UIInterfaceOrientationLandscapeRight";
				LD_RUNPATH_SEARCH_PATHS = (
					"$(inherited)",
					"@executable_path/Frameworks",
				);
				MARKETING_VERSION = 1.0;
				PRODUCT_BUNDLE_IDENTIFIER = com.powermon.Powermon;
				PRODUCT_NAME = "$(TARGET_NAME)";
				SWIFT_EMIT_LOC_STRINGS = YES;
				SWIFT_VERSION = 5.0;
				TARGETED_DEVICE_FAMILY = "1,2";
			};
			name = Release;
		};
/* End XCBuildConfiguration section */

/* Begin XCConfigurationList section */
		C79C3E9828DF2F9F00EE8EAE /* Build configuration list for PBXProject "Powermon" */ = {
			isa = XCConfigurationList;
			buildConfigurations = (
				C79C3EA928DF2FA100EE8EAE /* Debug */,
				C79C3EAA28DF2FA100EE8EAE /* Release */,
			);
			defaultConfigurationIsVisible = 0;
			defaultConfigurationName = Release;
		};
		C79C3EAB28DF2FA100EE8EAE /* Build configuration list for PBXNativeTarget "Powermon" */ = {
			isa = XCConfigurationList;
			buildConfigurations = (
				C79C3EAC28DF2FA100EE8EAE /* Debug */,
				C79C3EAD28DF2FA100EE8EAE /* Release */,
			);
			defaultConfigurationIsVisible = 0;
			defaultConfigurationName = Release;
		};
/* End XCConfigurationList section */

/* Begin XCRemoteSwiftPackageReference section */
		C79C3EAE28DF2FD900EE8EAE /* XCRemoteSwiftPackageReference "CocoaMQTT" */ = {
			isa = XCRemoteSwiftPackageReference;
			repositoryURL = "https://github.com/emqx/CocoaMQTT.git";
			requirement = {
				branch = master;
				kind = branch;
			};
		};
/* End XCRemoteSwiftPackageReference section */

/* Begin XCSwiftPackageProductDependency section */
		C79C3EAF28DF2FD900EE8EAE /* CocoaMQTT */ = {
			isa = XCSwiftPackageProductDependency;
			package = C79C3EAE28DF2FD900EE8EAE /* XCRemoteSwiftPackageReference "CocoaMQTT" */;
			productName = CocoaMQTT;
		};
		C79C3EB128DF2FD900EE8EAE /* CocoaMQTTWebSocket */ = {
			isa = XCSwiftPackageProductDependency;
			package = C79C3EAE28DF2FD900EE8EAE /* XCRemoteSwiftPackageReference "CocoaMQTT" */;
			productName = CocoaMQTTWebSocket;
		};
/* End XCSwiftPackageProductDependency section */
	};
	rootObject = C79C3E9528DF2F9F00EE8EAE /* Project object */;
}
